
Microsoft Visual Studio Solution File, Format Version 12.00
Project("{FAE04EC0-301F-11D3-BF4B-00C04F79EFBC}") = "WebApi", "WebApi\WebApi.csproj", "{A0CD33FF-A5C8-447A-95C0-1F1C8F25C4E7}"
EndProject
Global
	GlobalSection(SolutionConfigurationPlatforms) = preSolution
		Debug|Any CPU = Debug|Any CPU
		Release|Any CPU = Release|Any CPU
	EndGlobalSection
	GlobalSection(ProjectConfigurationPlatforms) = postSolution
		{A0CD33FF-A5C8-447A-95C0-1F1C8F25C4E7}.Debug|Any CPU.ActiveCfg = Debug|Any CPU
		{A0CD33FF-A5C8-447A-95C0-1F1C8F25C4E7}.Debug|Any CPU.Build.0 = Debug|Any CPU
	EndGlobalSection
EndGlobal
